
Microsoft Visual Studio Solution File, Format Version 12.00
# Visual Studio Version 16
VisualStudioVersion = 16.0.31229.75
MinimumVisualStudioVersion = 10.0.40219.1
Project("{FAE04EC0-301F-11D3-BF4B-00C04F79EFBC}") = "nlh", "nlh\nlh.csproj", "{2F8E3412-278E-4D94-8188-B711901E1D23}"
EndProject
Global
	GlobalSection(SolutionConfigurationPlatforms) = preSolution
		Debug|Any CPU = Debug|Any CPU
		Release|Any CPU = Release|Any CPU
	EndGlobalSection
	GlobalSection(ProjectConfigurationPlatforms) = postSolution
		{2F8E3412-278E-4D94-8188-B711901E1D23}.Debug|Any CPU.ActiveCfg = Debug|Any CPU
		{2F8E3412-278E-4D94-8188-B711901E1D23}.Debug|Any CPU.Build.0 = Debug|Any CPU
		{2F8E3412-278E-4D94-8188-B711901E1D23}.Release|Any CPU.ActiveCfg = Release|Any CPU
		{2F8E3412-278E-4D94-8188-B711901E1D23}.Release|Any CPU.Build.0 = Release|Any CPU
	EndGlobalSection
	GlobalSection(SolutionProperties) = preSolution
		HideSolutionNode = FALSE
	EndGlobalSection
	GlobalSection(ExtensibilityGlobals) = postSolution
		SolutionGuid = {C4D8A316-568C-4D90-9092-FF5959544DE2}
	EndGlobalSection
EndGlobal
